<?xml version="1.0" encoding="utf-8"?>
<Project ToolsVersion="4.0" xmlns="http://schemas.microsoft.com/developer/msbuild/2003">
  <ItemGroup>
    <Filter Include="Source Files">
      <UniqueIdentifier>{4FC737F1-C7A5-4376-A066-2A32D752A2FF}</UniqueIdentifier>
      <Extensions>cpp;c;cc;cxx;c++;cppm;ixx;def;odl;idl;hpj;bat;asm;asmx</Extensions>
    </Filter>
    <Filter Include="Header Files">
      <UniqueIdentifier>{93995380-89BD-4b04-88EB-625FBE52EBFB}</UniqueIdentifier>
      <Extensions>h;hh;hpp;hxx;h++;hm;inl;inc;ipp;xsd</Extensions>
    </Filter>
    <Filter Include="Resource Files">
      <UniqueIdentifier>{67DA6AB6-F800-4c08-8B7A-83BB121AAD01}</UniqueIdentifier>
      <Extensions>rc;ico;cur;bmp;dlg;rc2;rct;bin;rgs;gif;jpg;jpeg;jpe;resx;tiff;tif;png;wav;mfcribbon-ms</Extensions>
    </Filter>
  </ItemGroup>
  <ItemGroup>
    <ClCompile Include="Program.cpp">
      <Filter>Source Files</Filter>
    </ClCompile>
    <ClCompile Include="Shop\Shop.cpp">
      <Filter>Source Files</Filter>
    </ClCompile>
    <ClCompile Include="Source.cpp">
      <Filter>Source Files</Filter>
    </ClCompile>
    <ClCompile Include="Employee\Employee.cpp">
      <Filter>Source Files</Filter>
    </ClCompile>
    <ClCompile Include="Order\Order.cpp">
      <Filter>Source Files</Filter>
    </ClCompile>
    <ClCompile Include="Payment\PaymentBase.cpp">
      <Filter>Source Files</Filter>
    </ClCompile>
    <ClCompile Include="Payment\Card\Card.cpp">
      <Filter>Source Files</Filter>
    </ClCompile>
    <ClCompile Include="Stock\Stock.cpp">
      <Filter>Source Files</Filter>
    </ClCompile>
    <ClCompile Include="OrderItems\OrderItems.cpp">
      <Filter>Source Files</Filter>
    </ClCompile>
    <ClCompile Include="CoffeeTypes\CoffeeTypes.cpp">
      <Filter>Source Files</Filter>
    </ClCompile>
    <ClCompile Include="Recipe\Recipe.cpp">
      <Filter>Source Files</Filter>
    </ClCompile>
    <ClCompile Include="Customer\Customer.cpp">
      <Filter>Source Files</Filter>
    </ClCompile>
    <ClCompile Include="Interfaces\Commands\ICommands.cpp">
      <Filter>Source Files</Filter>
    </ClCompile>
    <ClCompile Include="Enums\UserTypes\UserTypes.cpp">
      <Filter>Source Files</Filter>
    </ClCompile>
    <ClCompile Include="String functions\Strings.cpp">
      <Filter>Source Files</Filter>
    </ClCompile>
  </ItemGroup>
  <ItemGroup>
    <ClInclude Include="Program.h">
      <Filter>Header Files</Filter>
    </ClInclude>
    <ClInclude Include="Shop\Shop.h">
      <Filter>Header Files</Filter>
    </ClInclude>
    <ClInclude Include="Employee\Employee.h">
      <Filter>Header Files</Filter>
    </ClInclude>
    <ClInclude Include="Order\Order.h">
      <Filter>Header Files</Filter>
    </ClInclude>
    <ClInclude Include="Payment\PaymentBase.h">
      <Filter>Header Files</Filter>
    </ClInclude>
    <ClInclude Include="Payment\Card\Card.h">
      <Filter>Header Files</Filter>
    </ClInclude>
    <ClInclude Include="Stock\Stock.h">
      <Filter>Header Files</Filter>
    </ClInclude>
    <ClInclude Include="OrderItems\OrderItems.h">
      <Filter>Header Files</Filter>
    </ClInclude>
    <ClInclude Include="CoffeeTypes\CoffeeTypes.h">
      <Filter>Header Files</Filter>
    </ClInclude>
    <ClInclude Include="Recipe\Recipe.h">
      <Filter>Header Files</Filter>
    </ClInclude>
    <ClInclude Include="Customer\Customer.h">
      <Filter>Header Files</Filter>
    </ClInclude>
    <ClInclude Include="Interfaces\Commands\ICommands.h">
      <Filter>Header Files</Filter>
    </ClInclude>
    <ClInclude Include="Enums\UserTypes\UserTypes.h">
      <Filter>Header Files</Filter>
    </ClInclude>
  </ItemGroup>
</Project>